
Microsoft Visual Studio Solution File, Format Version 12.00
# Visual Studio Version 16
VisualStudioVersion = 16.0.31129.286
MinimumVisualStudioVersion = 10.0.40219.1
Project("{FAE04EC0-301F-11D3-BF4B-00C04F79EFBC}") = "WCF_CLIENT", "WCF_CLIENT\WCF_CLIENT.csproj", "{D39186B8-EA14-42D0-B8BD-3F566A59393B}"
EndProject
Global
	GlobalSection(SolutionConfigurationPlatforms) = preSolution
		Debug|Any CPU = Debug|Any CPU
		Release|Any CPU = Release|Any CPU
	EndGlobalSection
	GlobalSection(ProjectConfigurationPlatforms) = postSolution
		{D39186B8-EA14-42D0-B8BD-3F566A59393B}.Debug|Any CPU.ActiveCfg = Debug|Any CPU
		{D39186B8-EA14-42D0-B8BD-3F566A59393B}.Debug|Any CPU.Build.0 = Debug|Any CPU
		{D39186B8-EA14-42D0-B8BD-3F566A59393B}.Release|Any CPU.ActiveCfg = Release|Any CPU
		{D39186B8-EA14-42D0-B8BD-3F566A59393B}.Release|Any CPU.Build.0 = Release|Any CPU
	EndGlobalSection
	GlobalSection(SolutionProperties) = preSolution
		HideSolutionNode = FALSE
	EndGlobalSection
	GlobalSection(ExtensibilityGlobals) = postSolution
		SolutionGuid = {BC74A9BF-89A0-4EF6-8C7C-0922E05917FD}
	EndGlobalSection
EndGlobal
